{
  "name": "workbee",
  "lockfileVersion": 3,
  "requires": true,
  "packages": {
    "": {
      "dependencies": {
        "@radix-ui/react-slot": "^1.2.3",
        "@splinetool/react-spline": "^4.1.0",
        "class-variance-authority": "^0.7.1"
      }
    },
    "node_modules/@radix-ui/react-compose-refs": {
      "version": "1.1.2",
      "resolved": "https://registry.npmjs.org/@radix-ui/react-compose-refs/-/react-compose-refs-1.1.2.tgz",
      "integrity": "sha512-z4eqJvfiNnFMHIIvXP3CY57y2WJs5g2v3X0zm9mEJkrkNv4rDxu+sg9Jh8EkXyeqBkB7SOcboo9dMVqhyrACIg==",
      "license": "MIT",
      "peerDependencies": {
        "@types/react": "*",
        "react": "^16.8 || ^17.0 || ^18.0 || ^19.0 || ^19.0.0-rc"
      },
      "peerDependenciesMeta": {
        "@types/react": {
          "optional": true
        }
      }
    },
    "node_modules/@radix-ui/react-slot": {
      "version": "1.2.3",
      "resolved": "https://registry.npmjs.org/@radix-ui/react-slot/-/react-slot-1.2.3.tgz",
      "integrity": "sha512-aeNmHnBxbi2St0au6VBVC7JXFlhLlOnvIIlePNniyUNAClzmtAUEY8/pBiK3iHjufOlwA+c20/8jngo7xcrg8A==",
      "license": "MIT",
      "dependencies": {
        "@radix-ui/react-compose-refs": "1.1.2"
      },
      "peerDependencies": {
        "@types/react": "*",
        "react": "^16.8 || ^17.0 || ^18.0 || ^19.0 || ^19.0.0-rc"
      },
      "peerDependenciesMeta": {
        "@types/react": {
          "optional": true
        }
      }
    },
    "node_modules/@splinetool/react-spline": {
      "version": "4.1.0",
      "resolved": "https://registry.npmjs.org/@splinetool/react-spline/-/react-spline-4.1.0.tgz",
      "integrity": "sha512-Y379gm17gw+1nxT/YXTCJnVIWuu7tsUH1tp/YxsYb0pZnc9Gljk7Om4Kpq7WPq0bZ4zidVCxf6xn6jgDcbHifQ==",
      "dependencies": {
        "blurhash": "2.0.5",
        "lodash.debounce": "4.0.8",
        "react-merge-refs": "2.1.1",
        "thumbhash": "0.1.1"
      },
      "peerDependencies": {
        "@splinetool/runtime": "*",
        "next": ">=14.2.0",
        "react": "*",
        "react-dom": "*"
      },
      "peerDependenciesMeta": {
        "next": {
          "optional": true
        }
      }
    },
    "node_modules/@splinetool/runtime": {
      "version": "1.10.48",
      "resolved": "https://registry.npmjs.org/@splinetool/runtime/-/runtime-1.10.48.tgz",
      "integrity": "sha512-bPMnJhX7G8vGjJEvoMQY0e98/h3wU5XtQl+Xs5DAPYNVXh4/wyADg/V4e+Yi4E7zGDhQZIprX9wX/x7N2/Wznw==",
      "peer": true,
      "dependencies": {
        "on-change": "^4.0.0",
        "semver-compare": "^1.0.0"
      }
    },
    "node_modules/blurhash": {
      "version": "2.0.5",
      "resolved": "https://registry.npmjs.org/blurhash/-/blurhash-2.0.5.tgz",
      "integrity": "sha512-cRygWd7kGBQO3VEhPiTgq4Wc43ctsM+o46urrmPOiuAe+07fzlSB9OJVdpgDL0jPqXUVQ9ht7aq7kxOeJHRK+w==",
      "license": "MIT"
    },
    "node_modules/class-variance-authority": {
      "version": "0.7.1",
      "resolved": "https://registry.npmjs.org/class-variance-authority/-/class-variance-authority-0.7.1.tgz",
      "integrity": "sha512-Ka+9Trutv7G8M6WT6SeiRWz792K5qEqIGEGzXKhAE6xOWAY6pPH8U+9IY3oCMv6kqTmLsv7Xh/2w2RigkePMsg==",
      "license": "Apache-2.0",
      "dependencies": {
        "clsx": "^2.1.1"
      },
      "funding": {
        "url": "https://polar.sh/cva"
      }
    },
    "node_modules/clsx": {
      "version": "2.1.1",
      "resolved": "https://registry.npmjs.org/clsx/-/clsx-2.1.1.tgz",
      "integrity": "sha512-eYm0QWBtUrBWZWG0d386OGAw16Z995PiOVo2B7bjWSbHedGl5e0ZWaq65kOGgUSNesEIDkB9ISbTg/JK9dhCZA==",
      "license": "MIT",
      "engines": {
        "node": ">=6"
      }
    },
    "node_modules/lodash.debounce": {
      "version": "4.0.8",
      "resolved": "https://registry.npmjs.org/lodash.debounce/-/lodash.debounce-4.0.8.tgz",
      "integrity": "sha512-FT1yDzDYEoYWhnSGnpE/4Kj1fLZkDFyqRb7fNt6FdYOSxlUWAtp42Eh6Wb0rGIv/m9Bgo7x4GhQbm5Ys4SG5ow==",
      "license": "MIT"
    },
    "node_modules/on-change": {
      "version": "4.0.2",
      "resolved": "https://registry.npmjs.org/on-change/-/on-change-4.0.2.tgz",
      "integrity": "sha512-cMtCyuJmTx/bg2HCpHo3ZLeF7FZnBOapLqZHr2AlLeJ5Ul0Zu2mUJJz051Fdwu/Et2YW04ZD+TtU+gVy0ACNCA==",
      "license": "MIT",
      "peer": true,
      "engines": {
        "node": "^12.20.0 || ^14.13.1 || >=16.0.0"
      },
      "funding": {
        "url": "https://github.com/sindresorhus/on-change?sponsor=1"
      }
    },
    "node_modules/react": {
      "version": "19.1.1",
      "resolved": "https://registry.npmjs.org/react/-/react-19.1.1.tgz",
      "integrity": "sha512-w8nqGImo45dmMIfljjMwOGtbmC/mk4CMYhWIicdSflH91J9TyCyczcPFXJzrZ/ZXcgGRFeP6BU0BEJTw6tZdfQ==",
      "license": "MIT",
      "peer": true,
      "engines": {
        "node": ">=0.10.0"
      }
    },
    "node_modules/react-dom": {
      "version": "19.1.1",
      "resolved": "https://registry.npmjs.org/react-dom/-/react-dom-19.1.1.tgz",
      "integrity": "sha512-Dlq/5LAZgF0Gaz6yiqZCf6VCcZs1ghAJyrsu84Q/GT0gV+mCxbfmKNoGRKBYMJ8IEdGPqu49YWXD02GCknEDkw==",
      "license": "MIT",
      "peer": true,
      "dependencies": {
        "scheduler": "^0.26.0"
      },
      "peerDependencies": {
        "react": "^19.1.1"
      }
    },
    "node_modules/react-merge-refs": {
      "version": "2.1.1",
      "resolved": "https://registry.npmjs.org/react-merge-refs/-/react-merge-refs-2.1.1.tgz",
      "integrity": "sha512-jLQXJ/URln51zskhgppGJ2ub7b2WFKGq3cl3NYKtlHoTG+dN2q7EzWrn3hN3EgPsTMvpR9tpq5ijdp7YwFZkag==",
      "license": "MIT",
      "funding": {
        "type": "github",
        "url": "https://github.com/sponsors/gregberge"
      }
    },
    "node_modules/scheduler": {
      "version": "0.26.0",
      "resolved": "https://registry.npmjs.org/scheduler/-/scheduler-0.26.0.tgz",
      "integrity": "sha512-NlHwttCI/l5gCPR3D1nNXtWABUmBwvZpEQiD4IXSbIDq8BzLIK/7Ir5gTFSGZDUu37K5cMNp0hFtzO38sC7gWA==",
      "license": "MIT",
      "peer": true
    },
    "node_modules/semver-compare": {
      "version": "1.0.0",
      "resolved": "https://registry.npmjs.org/semver-compare/-/semver-compare-1.0.0.tgz",
      "integrity": "sha512-YM3/ITh2MJ5MtzaM429anh+x2jiLVjqILF4m4oyQB18W7Ggea7BfqdH/wGMK7dDiMghv/6WG7znWMwUDzJiXow==",
      "license": "MIT",
      "peer": true
    },
    "node_modules/thumbhash": {
      "version": "0.1.1",
      "resolved": "https://registry.npmjs.org/thumbhash/-/thumbhash-0.1.1.tgz",
      "integrity": "sha512-kH5pKeIIBPQXAOni2AiY/Cu/NKdkFREdpH+TLdM0g6WA7RriCv0kPLgP731ady67MhTAqrVG/4mnEeibVuCJcg==",
      "license": "MIT"
    }
  }
}
